<?xml version="1.0" encoding="utf-8"?>
<Project ToolsVersion="4.0" xmlns="http://schemas.microsoft.com/developer/msbuild/2003">
  <ItemGroup>
    <Filter Include="Source Files">
      <UniqueIdentifier>{4FC737F1-C7A5-4376-A066-2A32D752A2FF}</UniqueIdentifier>
      <Extensions>cpp;c;cc;cxx;c++;cppm;ixx;def;odl;idl;hpj;bat;asm;asmx</Extensions>
    </Filter>
    <Filter Include="Header Files">
      <UniqueIdentifier>{93995380-89BD-4b04-88EB-625FBE52EBFB}</UniqueIdentifier>
      <Extensions>h;hh;hpp;hxx;h++;hm;inl;inc;ipp;xsd</Extensions>
    </Filter>
    <Filter Include="Resource Files">
      <UniqueIdentifier>{67DA6AB6-F800-4c08-8B7A-83BB121AAD01}</UniqueIdentifier>
      <Extensions>rc;ico;cur;bmp;dlg;rc2;rct;bin;rgs;gif;jpg;jpeg;jpe;resx;tiff;tif;png;wav;mfcribbon-ms</Extensions>
    </Filter>
  </ItemGroup>
  <ItemGroup>
    <ClInclude Include="export.h">
      <Filter>Header Files</Filter>
    </ClInclude>
    <ClInclude Include="Array\AbstractArray.h">
      <Filter>Header Files</Filter>
    </ClInclude>
    <ClInclude Include="Array\BaseArray.h">
      <Filter>Header Files</Filter>
    </ClInclude>
    <ClInclude Include="Array\BaseArray.hpp">
      <Filter>Header Files</Filter>
    </ClInclude>
    <ClInclude Include="Errors\ArrayErrors.h">
      <Filter>Header Files</Filter>
    </ClInclude>
    <ClInclude Include="Errors\BaseError.h">
      <Filter>Header Files</Filter>
    </ClInclude>
    <ClInclude Include="Errors\HeightsMapErrors.h">
      <Filter>Header Files</Filter>
    </ClInclude>
    <ClInclude Include="Errors\HeightsMapPointsErrors.h">
      <Filter>Header Files</Filter>
    </ClInclude>
    <ClInclude Include="Errors\IteratorErrors.h">
      <Filter>Header Files</Filter>
    </ClInclude>
    <ClInclude Include="Errors\MtrxErrors.h">
      <Filter>Header Files</Filter>
    </ClInclude>
    <ClInclude Include="Errors\RepositoryErrors.h">
      <Filter>Header Files</Filter>
    </ClInclude>
    <ClInclude Include="Errors\VectorErrors.h">
      <Filter>Header Files</Filter>
    </ClInclude>
    <ClInclude Include="HeightsMap\HeightsMap.h">
      <Filter>Header Files</Filter>
    </ClInclude>
    <ClInclude Include="HeightsMap\HeightsMapPoints.h">
      <Filter>Header Files</Filter>
    </ClInclude>
    <ClInclude Include="HeightsMap\Point.h">
      <Filter>Header Files</Filter>
    </ClInclude>
    <ClInclude Include="Iterator\AbstractIterator.h">
      <Filter>Header Files</Filter>
    </ClInclude>
    <ClInclude Include="Iterator\BaseIterator.h">
      <Filter>Header Files</Filter>
    </ClInclude>
    <ClInclude Include="Iterator\BaseIterator.hpp">
      <Filter>Header Files</Filter>
    </ClInclude>
    <ClInclude Include="Iterator\ConstIterator.h">
      <Filter>Header Files</Filter>
    </ClInclude>
    <ClInclude Include="Iterator\ConstIterator.hpp">
      <Filter>Header Files</Filter>
    </ClInclude>
    <ClInclude Include="Iterator\Iterator.h">
      <Filter>Header Files</Filter>
    </ClInclude>
    <ClInclude Include="Iterator\Iterator.hpp">
      <Filter>Header Files</Filter>
    </ClInclude>
    <ClInclude Include="LandscapeCanvas\LandscapeCanvas.h">
      <Filter>Header Files</Filter>
    </ClInclude>
    <ClInclude Include="Matrix\AbstractMtrx.h">
      <Filter>Header Files</Filter>
    </ClInclude>
    <ClInclude Include="Matrix\BaseMtrx.h">
      <Filter>Header Files</Filter>
    </ClInclude>
    <ClInclude Include="Matrix\BaseMtrx.hpp">
      <Filter>Header Files</Filter>
    </ClInclude>
    <ClInclude Include="Triangles\TriangularPolygon.h">
      <Filter>Header Files</Filter>
    </ClInclude>
    <ClInclude Include="Triangles\TriPolArray.h">
      <Filter>Header Files</Filter>
    </ClInclude>
    <ClInclude Include="Vector\AbstractVector.h">
      <Filter>Header Files</Filter>
    </ClInclude>
    <ClInclude Include="Vector\Vector.h">
      <Filter>Header Files</Filter>
    </ClInclude>
    <ClInclude Include="Vector\Vector.hpp">
      <Filter>Header Files</Filter>
    </ClInclude>
    <ClInclude Include="ZBuffer\FrameBuffer.h">
      <Filter>Header Files</Filter>
    </ClInclude>
    <ClInclude Include="ZBuffer\ZBuffer.h">
      <Filter>Header Files</Filter>
    </ClInclude>
    <ClInclude Include="ZBuffer\ZBufferAlg.h">
      <Filter>Header Files</Filter>
    </ClInclude>
    <ClInclude Include="MyColor\MyColor.h">
      <Filter>Header Files</Filter>
    </ClInclude>
    <ClInclude Include="Essensities\CanvasBL.h">
      <Filter>Header Files</Filter>
    </ClInclude>
    <ClInclude Include="Essensities\ParamsBL.h">
      <Filter>Header Files</Filter>
    </ClInclude>
    <ClInclude Include="Essensities\UserBL.h">
      <Filter>Header Files</Filter>
    </ClInclude>
    <ClInclude Include="Repositorys\IUsersRepository.h">
      <Filter>Header Files</Filter>
    </ClInclude>
    <ClInclude Include="Repositorys\UsersRepository.h">
      <Filter>Header Files</Filter>
    </ClInclude>
  </ItemGroup>
  <ItemGroup>
    <ClCompile Include="export.cpp">
      <Filter>Source Files</Filter>
    </ClCompile>
    <ClCompile Include="Array\AbstractArray.cpp">
      <Filter>Source Files</Filter>
    </ClCompile>
    <ClCompile Include="HeightsMap\HeightsMap.cpp">
      <Filter>Source Files</Filter>
    </ClCompile>
    <ClCompile Include="HeightsMap\HeightsMapPoints.cpp">
      <Filter>Source Files</Filter>
    </ClCompile>
    <ClCompile Include="HeightsMap\Point.cpp">
      <Filter>Source Files</Filter>
    </ClCompile>
    <ClCompile Include="Iterator\AbstractIterator.cpp">
      <Filter>Source Files</Filter>
    </ClCompile>
    <ClCompile Include="LandscapeCanvas\LandscapeCanvas.cpp">
      <Filter>Source Files</Filter>
    </ClCompile>
    <ClCompile Include="Matrix\AbstractMtrx.cpp">
      <Filter>Source Files</Filter>
    </ClCompile>
    <ClCompile Include="Triangles\TriangularPolygon.cpp">
      <Filter>Source Files</Filter>
    </ClCompile>
    <ClCompile Include="Triangles\TriPolArray.cpp">
      <Filter>Source Files</Filter>
    </ClCompile>
    <ClCompile Include="Vector\AbstractVector.cpp">
      <Filter>Source Files</Filter>
    </ClCompile>
    <ClCompile Include="ZBuffer\FrameBuffer.cpp">
      <Filter>Source Files</Filter>
    </ClCompile>
    <ClCompile Include="ZBuffer\ZBuffer.cpp">
      <Filter>Source Files</Filter>
    </ClCompile>
    <ClCompile Include="ZBuffer\ZBufferAlg.cpp">
      <Filter>Source Files</Filter>
    </ClCompile>
    <ClCompile Include="MyColor\MyColor.cpp">
      <Filter>Source Files</Filter>
    </ClCompile>
    <ClCompile Include="Essensities\CanvasBL.cpp">
      <Filter>Source Files</Filter>
    </ClCompile>
    <ClCompile Include="Essensities\ParamsBL.cpp">
      <Filter>Source Files</Filter>
    </ClCompile>
    <ClCompile Include="Essensities\UserBL.cpp">
      <Filter>Source Files</Filter>
    </ClCompile>
    <ClCompile Include="Repositorys\IUsersRepository.cpp">
      <Filter>Header Files</Filter>
    </ClCompile>
    <ClCompile Include="Repositorys\UsersRepository.cpp">
      <Filter>Header Files</Filter>
    </ClCompile>
  </ItemGroup>
  <ItemGroup>
    <None Include="config\default.cfg" />
  </ItemGroup>
</Project>